
Microsoft Visual Studio Solution File, Format Version 12.00
# Visual Studio Version 16
VisualStudioVersion = 16.0.30204.135
MinimumVisualStudioVersion = 10.0.40219.1
Project("{FAE04EC0-301F-11D3-BF4B-00C04F79EFBC}") = "MyWebsite", "MyWebsite.csproj", "{186CFAB9-2FD7-4D12-BAC7-9EF71D98E1D2}"
EndProject
Global
	GlobalSection(SolutionConfigurationPlatforms) = preSolution
		Debug|Any CPU = Debug|Any CPU
		Release|Any CPU = Release|Any CPU
	EndGlobalSection
	GlobalSection(ProjectConfigurationPlatforms) = postSolution
		{186CFAB9-2FD7-4D12-BAC7-9EF71D98E1D2}.Debug|Any CPU.ActiveCfg = Debug|Any CPU
		{186CFAB9-2FD7-4D12-BAC7-9EF71D98E1D2}.Debug|Any CPU.Build.0 = Debug|Any CPU
		{186CFAB9-2FD7-4D12-BAC7-9EF71D98E1D2}.Release|Any CPU.ActiveCfg = Release|Any CPU
		{186CFAB9-2FD7-4D12-BAC7-9EF71D98E1D2}.Release|Any CPU.Build.0 = Release|Any CPU
	EndGlobalSection
	GlobalSection(SolutionProperties) = preSolution
		HideSolutionNode = FALSE
	EndGlobalSection
	GlobalSection(ExtensibilityGlobals) = postSolution
		SolutionGuid = {3A1C4B8B-69AF-4812-9500-281FB2BB09A7}
	EndGlobalSection
EndGlobal
